// !$*UTF8*$!
{
	archiveVersion = 1;
	classes = {
	};
	objectVersion = 46;
	objects = {

/* Begin PBXBuildFile section */
		DE9B3AB21C6BB4790011A890 /* main.m in Sources */ = {isa = PBXBuildFile; fileRef = DE9B3AB11C6BB4790011A890 /* main.m */; };
		DE9B3ABA1C6BB4D60011A890 /* MVFAssetHandler.m in Sources */ = {isa = PBXBuildFile; fileRef = DE9B3AB91C6BB4D60011A890 /* MVFAssetHandler.m */; };
/* End PBXBuildFile section */

/* Begin PBXCopyFilesBuildPhase section */
		DE9B3AAC1C6BB4790011A890 /* CopyFiles */ = {
			isa = PBXCopyFilesBuildPhase;
			buildActionMask = 2147483647;
			dstPath = /usr/share/man/man1/;
			dstSubfolderSpec = 0;
			files = (
			);
			runOnlyForDeploymentPostprocessing = 1;
		};
/* End PBXCopyFilesBuildPhase section */

/* Begin PBXFileReference section */
		DE9B3AAE1C6BB4790011A890 /* CropSniffer */ = {isa = PBXFileReference; explicitFileType = "compiled.mach-o.executable"; includeInIndex = 0; path = CropSniffer; sourceTree = BUILT_PRODUCTS_DIR; };
		DE9B3AB11C6BB4790011A890 /* main.m */ = {isa = PBXFileReference; lastKnownFileType = sourcecode.c.objc; path = main.m; sourceTree = "<group>"; };
		DE9B3AB81C6BB4D60011A890 /* MVFAssetHandler.h */ = {isa = PBXFileReference; fileEncoding = 4; lastKnownFileType = sourcecode.c.h; path = MVFAssetHandler.h; sourceTree = "<group>"; };
		DE9B3AB91C6BB4D60011A890 /* MVFAssetHandler.m */ = {isa = PBXFileReference; fileEncoding = 4; lastKnownFileType = sourcecode.c.objc; path = MVFAssetHandler.m; sourceTree = "<group>"; };
/* End PBXFileReference section */

/* Begin PBXFrameworksBuildPhase section */
		DE9B3AAB1C6BB4790011A890 /* Frameworks */ = {
			isa = PBXFrameworksBuildPhase;
			buildActionMask = 2147483647;
			files = (
			);
			runOnlyForDeploymentPostprocessing = 0;
		};
/* End PBXFrameworksBuildPhase section */

/* Begin PBXGroup section */
		DE9B3AA51C6BB4790011A890 = {
			isa = PBXGroup;
			children = (
				DE9B3AB01C6BB4790011A890 /* CropSniffer */,
				DE9B3AAF1C6BB4790011A890 /* Products */,
			);
			sourceTree = "<group>";
		};
		DE9B3AAF1C6BB4790011A890 /* Products */ = {
			isa = PBXGroup;
			children = (
				DE9B3AAE1C6BB4790011A890 /* CropSniffer */,
			);
			name = Products;
			sourceTree = "<group>";
		};
		DE9B3AB01C6BB4790011A890 /* CropSniffer */ = {
			isa = PBXGroup;
			children = (
				DE9B3AB11C6BB4790011A890 /* main.m */,
				DE9B3AB81C6BB4D60011A890 /* MVFAssetHandler.h */,
				DE9B3AB91C6BB4D60011A890 /* MVFAssetHandler.m */,
			);
			path = CropSniffer;
			sourceTree = "<group>";
		};
/* End PBXGroup section */

/* Begin PBXNativeTarget section */
		DE9B3AAD1C6BB4790011A890 /* CropSniffer */ = {
			isa = PBXNativeTarget;
			buildConfigurationList = DE9B3AB51C6BB4790011A890 /* Build configuration list for PBXNativeTarget "CropSniffer" */;
			buildPhases = (
				DE9B3AAA1C6BB4790011A890 /* Sources */,
				DE9B3AAB1C6BB4790011A890 /* Frameworks */,
				DE9B3AAC1C6BB4790011A890 /* CopyFiles */,
			);
			buildRules = (
			);
			dependencies = (
			);
			name = CropSniffer;
			productName = CropSniffer;
			productReference = DE9B3AAE1C6BB4790011A890 /* CropSniffer */;
			productType = "com.apple.product-type.tool";
		};
/* End PBXNativeTarget section */

/* Begin PBXProject section */
		DE9B3AA61C6BB4790011A890 /* Project object */ = {
			isa = PBXProject;
			attributes = {
				LastUpgradeCheck = 0720;
				ORGANIZATIONNAME = "Armen Karamian";
				TargetAttributes = {
					DE9B3AAD1C6BB4790011A890 = {
						CreatedOnToolsVersion = 7.2;
					};
				};
			};
			buildConfigurationList = DE9B3AA91C6BB4790011A890 /* Build configuration list for PBXProject "CropSniffer" */;
			compatibilityVersion = "Xcode 3.2";
			developmentRegion = English;
			hasScannedForEncodings = 0;
			knownRegions = (
				en,
			);
			mainGroup = DE9B3AA51C6BB4790011A890;
			productRefGroup = DE9B3AAF1C6BB4790011A890 /* Products */;
			projectDirPath = "";
			projectRoot = "";
			targets = (
				DE9B3AAD1C6BB4790011A890 /* CropSniffer */,
			);
		};
/* End PBXProject section */

/* Begin PBXSourcesBuildPhase section */
		DE9B3AAA1C6BB4790011A890 /* Sources */ = {
			isa = PBXSourcesBuildPhase;
			buildActionMask = 2147483647;
			files = (
				DE9B3AB21C6BB4790011A890 /* main.m in Sources */,
				DE9B3ABA1C6BB4D60011A890 /* MVFAssetHandler.m in Sources */,
			);
			runOnlyForDeploymentPostprocessing = 0;
		};
/* End PBXSourcesBuildPhase section */

/* Begin XCBuildConfiguration section */
		DE9B3AB31C6BB4790011A890 /* Debug */ = {
			isa = XCBuildConfiguration;
			buildSettings = {
				ALWAYS_SEARCH_USER_PATHS = NO;
				CLANG_CXX_LANGUAGE_STANDARD = "gnu++0x";
				CLANG_CXX_LIBRARY = "libc++";
				CLANG_ENABLE_MODULES = YES;
				CLANG_ENABLE_OBJC_ARC = YES;
				CLANG_WARN_BOOL_CONVERSION = YES;
				CLANG_WARN_CONSTANT_CONVERSION = YES;
				CLANG_WARN_DIRECT_OBJC_ISA_USAGE = YES_ERROR;
				CLANG_WARN_EMPTY_BODY = YES;
				CLANG_WARN_ENUM_CONVERSION = YES;
				CLANG_WARN_INT_CONVERSION = YES;
				CLANG_WARN_OBJC_ROOT_CLASS = YES_ERROR;
				CLANG_WARN_UNREACHABLE_CODE = YES;
				CLANG_WARN__DUPLICATE_METHOD_MATCH = YES;
				CODE_SIGN_IDENTITY = "-";
				COPY_PHASE_STRIP = NO;
				DEBUG_INFORMATION_FORMAT = dwarf;
				ENABLE_STRICT_OBJC_MSGSEND = YES;
				ENABLE_TESTABILITY = YES;
				GCC_C_LANGUAGE_STANDARD = gnu99;
				GCC_DYNAMIC_NO_PIC = NO;
				GCC_NO_COMMON_BLOCKS = YES;
				GCC_OPTIMIZATION_LEVEL = 0;
				GCC_PREPROCESSOR_DEFINITIONS = (
					"DEBUG=1",
					"$(inherited)",
				);
				GCC_WARN_64_TO_32_BIT_CONVERSION = YES;
				GCC_WARN_ABOUT_RETURN_TYPE = YES_ERROR;
				GCC_WARN_UNDECLARED_SELECTOR = YES;
				GCC_WARN_UNINITIALIZED_AUTOS = YES_AGGRESSIVE;
				GCC_WARN_UNUSED_FUNCTION = YES;
				GCC_WARN_UNUSED_VARIABLE = YES;
				MACOSX_DEPLOYMENT_TARGET = 10.11;
				MTL_ENABLE_DEBUG_INFO = YES;
				ONLY_ACTIVE_ARCH = YES;
				SDKROOT = macosx;
			};
			name = Debug;
		};
		DE9B3AB41C6BB4790011A890 /* Release */ = {
			isa = XCBuildConfiguration;
			buildSettings = {
				ALWAYS_SEARCH_USER_PATHS = NO;
				CLANG_CXX_LANGUAGE_STANDARD = "gnu++0x";
				CLANG_CXX_LIBRARY = "libc++";
				CLANG_ENABLE_MODULES = YES;
				CLANG_ENABLE_OBJC_ARC = YES;
				CLANG_WARN_BOOL_CONVERSION = YES;
				CLANG_WARN_CONSTANT_CONVERSION = YES;
				CLANG_WARN_DIRECT_OBJC_ISA_USAGE = YES_ERROR;
				CLANG_WARN_EMPTY_BODY = YES;
				CLANG_WARN_ENUM_CONVERSION = YES;
				CLANG_WARN_INT_CONVERSION = YES;
				CLANG_WARN_OBJC_ROOT_CLASS = YES_ERROR;
				CLANG_WARN_UNREACHABLE_CODE = YES;
				CLANG_WARN__DUPLICATE_METHOD_MATCH = YES;
				CODE_SIGN_IDENTITY = "-";
				COPY_PHASE_STRIP = NO;
				DEBUG_INFORMATION_FORMAT = "dwarf-with-dsym";
				ENABLE_NS_ASSERTIONS = NO;
				ENABLE_STRICT_OBJC_MSGSEND = YES;
				GCC_C_LANGUAGE_STANDARD = gnu99;
				GCC_NO_COMMON_BLOCKS = YES;
				GCC_WARN_64_TO_32_BIT_CONVERSION = YES;
				GCC_WARN_ABOUT_RETURN_TYPE = YES_ERROR;
				GCC_WARN_UNDECLARED_SELECTOR = YES;
				GCC_WARN_UNINITIALIZED_AUTOS = YES_AGGRESSIVE;
				GCC_WARN_UNUSED_FUNCTION = YES;
				GCC_WARN_UNUSED_VARIABLE = YES;
				MACOSX_DEPLOYMENT_TARGET = 10.11;
				MTL_ENABLE_DEBUG_INFO = NO;
				SDKROOT = macosx;
			};
			name = Release;
		};
		DE9B3AB61C6BB4790011A890 /* Debug */ = {
			isa = XCBuildConfiguration;
			buildSettings = {
				PRODUCT_NAME = "$(TARGET_NAME)";
			};
			name = Debug;
		};
		DE9B3AB71C6BB4790011A890 /* Release */ = {
			isa = XCBuildConfiguration;
			buildSettings = {
				PRODUCT_NAME = "$(TARGET_NAME)";
			};
			name = Release;
		};
/* End XCBuildConfiguration section */

/* Begin XCConfigurationList section */
		DE9B3AA91C6BB4790011A890 /* Build configuration list for PBXProject "CropSniffer" */ = {
			isa = XCConfigurationList;
			buildConfigurations = (
				DE9B3AB31C6BB4790011A890 /* Debug */,
				DE9B3AB41C6BB4790011A890 /* Release */,
			);
			defaultConfigurationIsVisible = 0;
			defaultConfigurationName = Release;
		};
		DE9B3AB51C6BB4790011A890 /* Build configuration list for PBXNativeTarget "CropSniffer" */ = {
			isa = XCConfigurationList;
			buildConfigurations = (
				DE9B3AB61C6BB4790011A890 /* Debug */,
				DE9B3AB71C6BB4790011A890 /* Release */,
			);
			defaultConfigurationIsVisible = 0;
		};
/* End XCConfigurationList section */
	};
	rootObject = DE9B3AA61C6BB4790011A890 /* Project object */;
}
